
Microsoft Visual Studio Solution File, Format Version 12.00
# Visual Studio Version 16
VisualStudioVersion = 25.0.1705.3
MinimumVisualStudioVersion = 10.0.40219.1
Project("{FAE04EC0-301F-11D3-BF4B-00C04F79EFBC}") = "ATM_machine_Application", "ATM_machine_Application.csproj", "{BF3A007D-608E-4D04-8F57-0D8202087ACD}"
EndProject
Global
	GlobalSection(SolutionConfigurationPlatforms) = preSolution
		Debug|Any CPU = Debug|Any CPU
		Release|Any CPU = Release|Any CPU
	EndGlobalSection
	GlobalSection(ProjectConfigurationPlatforms) = postSolution
		{BF3A007D-608E-4D04-8F57-0D8202087ACD}.Debug|Any CPU.ActiveCfg = Debug|Any CPU
		{BF3A007D-608E-4D04-8F57-0D8202087ACD}.Debug|Any CPU.Build.0 = Debug|Any CPU
		{BF3A007D-608E-4D04-8F57-0D8202087ACD}.Release|Any CPU.ActiveCfg = Release|Any CPU
		{BF3A007D-608E-4D04-8F57-0D8202087ACD}.Release|Any CPU.Build.0 = Release|Any CPU
	EndGlobalSection
	GlobalSection(SolutionProperties) = preSolution
		HideSolutionNode = FALSE
	EndGlobalSection
	GlobalSection(ExtensibilityGlobals) = postSolution
		SolutionGuid = {F3E3ACA8-ED80-4A3E-AF4D-A7613980D42F}
	EndGlobalSection
EndGlobal
